// !$*UTF8*$!
{
	archiveVersion = 1;
	classes = {
	};
	objectVersion = 46;
	objects = {

/* Begin PBXBuildFile section */
		4D8F5B3D1A85F3EB00E0CDDE /* AppDelegate.swift in Sources */ = {isa = PBXBuildFile; fileRef = 4D8F5B3C1A85F3EB00E0CDDE /* AppDelegate.swift */; };
		4D8F5B3F1A85F3EB00E0CDDE /* ViewController.swift in Sources */ = {isa = PBXBuildFile; fileRef = 4D8F5B3E1A85F3EB00E0CDDE /* ViewController.swift */; };
		4D8F5B421A85F3EB00E0CDDE /* Main.storyboard in Resources */ = {isa = PBXBuildFile; fileRef = 4D8F5B401A85F3EB00E0CDDE /* Main.storyboard */; };
		4D8F5B441A85F3EB00E0CDDE /* Images.xcassets in Resources */ = {isa = PBXBuildFile; fileRef = 4D8F5B431A85F3EB00E0CDDE /* Images.xcassets */; };
		4D8F5B471A85F3EB00E0CDDE /* LaunchScreen.xib in Resources */ = {isa = PBXBuildFile; fileRef = 4D8F5B451A85F3EB00E0CDDE /* LaunchScreen.xib */; };
		4D8F5B531A85F3EB00E0CDDE /* PickerDataTests.swift in Sources */ = {isa = PBXBuildFile; fileRef = 4D8F5B521A85F3EB00E0CDDE /* PickerDataTests.swift */; };
/* End PBXBuildFile section */

/* Begin PBXContainerItemProxy section */
		4D8F5B4D1A85F3EB00E0CDDE /* PBXContainerItemProxy */ = {
			isa = PBXContainerItemProxy;
			containerPortal = 4D8F5B2F1A85F3EA00E0CDDE /* Project object */;
			proxyType = 1;
			remoteGlobalIDString = 4D8F5B361A85F3EB00E0CDDE;
			remoteInfo = PickerData;
		};
/* End PBXContainerItemProxy section */

/* Begin PBXFileReference section */
		4D8F5B371A85F3EB00E0CDDE /* PickerData.app */ = {isa = PBXFileReference; explicitFileType = wrapper.application; includeInIndex = 0; path = PickerData.app; sourceTree = BUILT_PRODUCTS_DIR; };
		4D8F5B3B1A85F3EB00E0CDDE /* Info.plist */ = {isa = PBXFileReference; lastKnownFileType = text.plist.xml; path = Info.plist; sourceTree = "<group>"; };
		4D8F5B3C1A85F3EB00E0CDDE /* AppDelegate.swift */ = {isa = PBXFileReference; lastKnownFileType = sourcecode.swift; path = AppDelegate.swift; sourceTree = "<group>"; };
		4D8F5B3E1A85F3EB00E0CDDE /* ViewController.swift */ = {isa = PBXFileReference; lastKnownFileType = sourcecode.swift; path = ViewController.swift; sourceTree = "<group>"; };
		4D8F5B411A85F3EB00E0CDDE /* Base */ = {isa = PBXFileReference; lastKnownFileType = file.storyboard; name = Base; path = Base.lproj/Main.storyboard; sourceTree = "<group>"; };
		4D8F5B431A85F3EB00E0CDDE /* Images.xcassets */ = {isa = PBXFileReference; lastKnownFileType = folder.assetcatalog; path = Images.xcassets; sourceTree = "<group>"; };
		4D8F5B461A85F3EB00E0CDDE /* Base */ = {isa = PBXFileReference; lastKnownFileType = file.xib; name = Base; path = Base.lproj/LaunchScreen.xib; sourceTree = "<group>"; };
		4D8F5B4C1A85F3EB00E0CDDE /* PickerDataTests.xctest */ = {isa = PBXFileReference; explicitFileType = wrapper.cfbundle; includeInIndex = 0; path = PickerDataTests.xctest; sourceTree = BUILT_PRODUCTS_DIR; };
		4D8F5B511A85F3EB00E0CDDE /* Info.plist */ = {isa = PBXFileReference; lastKnownFileType = text.plist.xml; path = Info.plist; sourceTree = "<group>"; };
		4D8F5B521A85F3EB00E0CDDE /* PickerDataTests.swift */ = {isa = PBXFileReference; lastKnownFileType = sourcecode.swift; path = PickerDataTests.swift; sourceTree = "<group>"; };
/* End PBXFileReference section */

/* Begin PBXFrameworksBuildPhase section */
		4D8F5B341A85F3EB00E0CDDE /* Frameworks */ = {
			isa = PBXFrameworksBuildPhase;
			buildActionMask = 2147483647;
			files = (
			);
			runOnlyForDeploymentPostprocessing = 0;
		};
		4D8F5B491A85F3EB00E0CDDE /* Frameworks */ = {
			isa = PBXFrameworksBuildPhase;
			buildActionMask = 2147483647;
			files = (
			);
			runOnlyForDeploymentPostprocessing = 0;
		};
/* End PBXFrameworksBuildPhase section */

/* Begin PBXGroup section */
		4D8F5B2E1A85F3EA00E0CDDE = {
			isa = PBXGroup;
			children = (
				4D8F5B391A85F3EB00E0CDDE /* PickerData */,
				4D8F5B4F1A85F3EB00E0CDDE /* PickerDataTests */,
				4D8F5B381A85F3EB00E0CDDE /* Products */,
			);
			sourceTree = "<group>";
		};
		4D8F5B381A85F3EB00E0CDDE /* Products */ = {
			isa = PBXGroup;
			children = (
				4D8F5B371A85F3EB00E0CDDE /* PickerData.app */,
				4D8F5B4C1A85F3EB00E0CDDE /* PickerDataTests.xctest */,
			);
			name = Products;
			sourceTree = "<group>";
		};
		4D8F5B391A85F3EB00E0CDDE /* PickerData */ = {
			isa = PBXGroup;
			children = (
				4D8F5B3C1A85F3EB00E0CDDE /* AppDelegate.swift */,
				4D8F5B3E1A85F3EB00E0CDDE /* ViewController.swift */,
				4D8F5B401A85F3EB00E0CDDE /* Main.storyboard */,
				4D8F5B431A85F3EB00E0CDDE /* Images.xcassets */,
				4D8F5B451A85F3EB00E0CDDE /* LaunchScreen.xib */,
				4D8F5B3A1A85F3EB00E0CDDE /* Supporting Files */,
			);
			path = PickerData;
			sourceTree = "<group>";
		};
		4D8F5B3A1A85F3EB00E0CDDE /* Supporting Files */ = {
			isa = PBXGroup;
			children = (
				4D8F5B3B1A85F3EB00E0CDDE /* Info.plist */,
			);
			name = "Supporting Files";
			sourceTree = "<group>";
		};
		4D8F5B4F1A85F3EB00E0CDDE /* PickerDataTests */ = {
			isa = PBXGroup;
			children = (
				4D8F5B521A85F3EB00E0CDDE /* PickerDataTests.swift */,
				4D8F5B501A85F3EB00E0CDDE /* Supporting Files */,
			);
			path = PickerDataTests;
			sourceTree = "<group>";
		};
		4D8F5B501A85F3EB00E0CDDE /* Supporting Files */ = {
			isa = PBXGroup;
			children = (
				4D8F5B511A85F3EB00E0CDDE /* Info.plist */,
			);
			name = "Supporting Files";
			sourceTree = "<group>";
		};
/* End PBXGroup section */

/* Begin PBXNativeTarget section */
		4D8F5B361A85F3EB00E0CDDE /* PickerData */ = {
			isa = PBXNativeTarget;
			buildConfigurationList = 4D8F5B561A85F3EB00E0CDDE /* Build configuration list for PBXNativeTarget "PickerData" */;
			buildPhases = (
				4D8F5B331A85F3EB00E0CDDE /* Sources */,
				4D8F5B341A85F3EB00E0CDDE /* Frameworks */,
				4D8F5B351A85F3EB00E0CDDE /* Resources */,
			);
			buildRules = (
			);
			dependencies = (
			);
			name = PickerData;
			productName = PickerData;
			productReference = 4D8F5B371A85F3EB00E0CDDE /* PickerData.app */;
			productType = "com.apple.product-type.application";
		};
		4D8F5B4B1A85F3EB00E0CDDE /* PickerDataTests */ = {
			isa = PBXNativeTarget;
			buildConfigurationList = 4D8F5B591A85F3EB00E0CDDE /* Build configuration list for PBXNativeTarget "PickerDataTests" */;
			buildPhases = (
				4D8F5B481A85F3EB00E0CDDE /* Sources */,
				4D8F5B491A85F3EB00E0CDDE /* Frameworks */,
				4D8F5B4A1A85F3EB00E0CDDE /* Resources */,
			);
			buildRules = (
			);
			dependencies = (
				4D8F5B4E1A85F3EB00E0CDDE /* PBXTargetDependency */,
			);
			name = PickerDataTests;
			productName = PickerDataTests;
			productReference = 4D8F5B4C1A85F3EB00E0CDDE /* PickerDataTests.xctest */;
			productType = "com.apple.product-type.bundle.unit-test";
		};
/* End PBXNativeTarget section */

/* Begin PBXProject section */
		4D8F5B2F1A85F3EA00E0CDDE /* Project object */ = {
			isa = PBXProject;
			attributes = {
				LastSwiftUpdateCheck = 0720;
				LastUpgradeCheck = 0610;
				ORGANIZATIONNAME = "Olivier Tuyishime";
				TargetAttributes = {
					4D8F5B361A85F3EB00E0CDDE = {
						CreatedOnToolsVersion = 6.1.1;
					};
					4D8F5B4B1A85F3EB00E0CDDE = {
						CreatedOnToolsVersion = 6.1.1;
						TestTargetID = 4D8F5B361A85F3EB00E0CDDE;
					};
				};
			};
			buildConfigurationList = 4D8F5B321A85F3EA00E0CDDE /* Build configuration list for PBXProject "PickerData" */;
			compatibilityVersion = "Xcode 3.2";
			developmentRegion = English;
			hasScannedForEncodings = 0;
			knownRegions = (
				en,
				Base,
			);
			mainGroup = 4D8F5B2E1A85F3EA00E0CDDE;
			productRefGroup = 4D8F5B381A85F3EB00E0CDDE /* Products */;
			projectDirPath = "";
			projectRoot = "";
			targets = (
				4D8F5B361A85F3EB00E0CDDE /* PickerData */,
				4D8F5B4B1A85F3EB00E0CDDE /* PickerDataTests */,
			);
		};
/* End PBXProject section */

/* Begin PBXResourcesBuildPhase section */
		4D8F5B351A85F3EB00E0CDDE /* Resources */ = {
			isa = PBXResourcesBuildPhase;
			buildActionMask = 2147483647;
			files = (
				4D8F5B421A85F3EB00E0CDDE /* Main.storyboard in Resources */,
				4D8F5B471A85F3EB00E0CDDE /* LaunchScreen.xib in Resources */,
				4D8F5B441A85F3EB00E0CDDE /* Images.xcassets in Resources */,
			);
			runOnlyForDeploymentPostprocessing = 0;
		};
		4D8F5B4A1A85F3EB00E0CDDE /* Resources */ = {
			isa = PBXResourcesBuildPhase;
			buildActionMask = 2147483647;
			files = (
			);
			runOnlyForDeploymentPostprocessing = 0;
		};
/* End PBXResourcesBuildPhase section */

/* Begin PBXSourcesBuildPhase section */
		4D8F5B331A85F3EB00E0CDDE /* Sources */ = {
			isa = PBXSourcesBuildPhase;
			buildActionMask = 2147483647;
			files = (
				4D8F5B3F1A85F3EB00E0CDDE /* ViewController.swift in Sources */,
				4D8F5B3D1A85F3EB00E0CDDE /* AppDelegate.swift in Sources */,
			);
			runOnlyForDeploymentPostprocessing = 0;
		};
		4D8F5B481A85F3EB00E0CDDE /* Sources */ = {
			isa = PBXSourcesBuildPhase;
			buildActionMask = 2147483647;
			files = (
				4D8F5B531A85F3EB00E0CDDE /* PickerDataTests.swift in Sources */,
			);
			runOnlyForDeploymentPostprocessing = 0;
		};
/* End PBXSourcesBuildPhase section */

/* Begin PBXTargetDependency section */
		4D8F5B4E1A85F3EB00E0CDDE /* PBXTargetDependency */ = {
			isa = PBXTargetDependency;
			target = 4D8F5B361A85F3EB00E0CDDE /* PickerData */;
			targetProxy = 4D8F5B4D1A85F3EB00E0CDDE /* PBXContainerItemProxy */;
		};
/* End PBXTargetDependency section */

/* Begin PBXVariantGroup section */
		4D8F5B401A85F3EB00E0CDDE /* Main.storyboard */ = {
			isa = PBXVariantGroup;
			children = (
				4D8F5B411A85F3EB00E0CDDE /* Base */,
			);
			name = Main.storyboard;
			sourceTree = "<group>";
		};
		4D8F5B451A85F3EB00E0CDDE /* LaunchScreen.xib */ = {
			isa = PBXVariantGroup;
			children = (
				4D8F5B461A85F3EB00E0CDDE /* Base */,
			);
			name = LaunchScreen.xib;
			sourceTree = "<group>";
		};
/* End PBXVariantGroup section */

/* Begin XCBuildConfiguration section */
		4D8F5B541A85F3EB00E0CDDE /* Debug */ = {
			isa = XCBuildConfiguration;
			buildSettings = {
				ALWAYS_SEARCH_USER_PATHS = NO;
				CLANG_CXX_LANGUAGE_STANDARD = "gnu++0x";
				CLANG_CXX_LIBRARY = "libc++";
				CLANG_ENABLE_MODULES = YES;
				CLANG_ENABLE_OBJC_ARC = YES;
				CLANG_WARN_BOOL_CONVERSION = YES;
				CLANG_WARN_CONSTANT_CONVERSION = YES;
				CLANG_WARN_DIRECT_OBJC_ISA_USAGE = YES_ERROR;
				CLANG_WARN_EMPTY_BODY = YES;
				CLANG_WARN_ENUM_CONVERSION = YES;
				CLANG_WARN_INT_CONVERSION = YES;
				CLANG_WARN_OBJC_ROOT_CLASS = YES_ERROR;
				CLANG_WARN_UNREACHABLE_CODE = YES;
				CLANG_WARN__DUPLICATE_METHOD_MATCH = YES;
				"CODE_SIGN_IDENTITY[sdk=iphoneos*]" = "iPhone Developer";
				COPY_PHASE_STRIP = NO;
				ENABLE_STRICT_OBJC_MSGSEND = YES;
				GCC_C_LANGUAGE_STANDARD = gnu99;
				GCC_DYNAMIC_NO_PIC = NO;
				GCC_OPTIMIZATION_LEVEL = 0;
				GCC_PREPROCESSOR_DEFINITIONS = (
					"DEBUG=1",
					"$(inherited)",
				);
				GCC_SYMBOLS_PRIVATE_EXTERN = NO;
				GCC_WARN_64_TO_32_BIT_CONVERSION = YES;
				GCC_WARN_ABOUT_RETURN_TYPE = YES_ERROR;
				GCC_WARN_UNDECLARED_SELECTOR = YES;
				GCC_WARN_UNINITIALIZED_AUTOS = YES_AGGRESSIVE;
				GCC_WARN_UNUSED_FUNCTION = YES;
				GCC_WARN_UNUSED_VARIABLE = YES;
				IPHONEOS_DEPLOYMENT_TARGET = 8.1;
				MTL_ENABLE_DEBUG_INFO = YES;
				ONLY_ACTIVE_ARCH = YES;
				SDKROOT = iphoneos;
				SWIFT_OPTIMIZATION_LEVEL = "-Onone";
			};
			name = Debug;
		};
		4D8F5B551A85F3EB00E0CDDE /* Release */ = {
			isa = XCBuildConfiguration;
			buildSettings = {
				ALWAYS_SEARCH_USER_PATHS = NO;
				CLANG_CXX_LANGUAGE_STANDARD = "gnu++0x";
				CLANG_CXX_LIBRARY = "libc++";
				CLANG_ENABLE_MODULES = YES;
				CLANG_ENABLE_OBJC_ARC = YES;
				CLANG_WARN_BOOL_CONVERSION = YES;
				CLANG_WARN_CONSTANT_CONVERSION = YES;
				CLANG_WARN_DIRECT_OBJC_ISA_USAGE = YES_ERROR;
				CLANG_WARN_EMPTY_BODY = YES;
				CLANG_WARN_ENUM_CONVERSION = YES;
				CLANG_WARN_INT_CONVERSION = YES;
				CLANG_WARN_OBJC_ROOT_CLASS = YES_ERROR;
				CLANG_WARN_UNREACHABLE_CODE = YES;
				CLANG_WARN__DUPLICATE_METHOD_MATCH = YES;
				"CODE_SIGN_IDENTITY[sdk=iphoneos*]" = "iPhone Developer";
				COPY_PHASE_STRIP = YES;
				ENABLE_NS_ASSERTIONS = NO;
				ENABLE_STRICT_OBJC_MSGSEND = YES;
				GCC_C_LANGUAGE_STANDARD = gnu99;
				GCC_WARN_64_TO_32_BIT_CONVERSION = YES;
				GCC_WARN_ABOUT_RETURN_TYPE = YES_ERROR;
				GCC_WARN_UNDECLARED_SELECTOR = YES;
				GCC_WARN_UNINITIALIZED_AUTOS = YES_AGGRESSIVE;
				GCC_WARN_UNUSED_FUNCTION = YES;
				GCC_WARN_UNUSED_VARIABLE = YES;
				IPHONEOS_DEPLOYMENT_TARGET = 8.1;
				MTL_ENABLE_DEBUG_INFO = NO;
				SDKROOT = iphoneos;
				VALIDATE_PRODUCT = YES;
			};
			name = Release;
		};
		4D8F5B571A85F3EB00E0CDDE /* Debug */ = {
			isa = XCBuildConfiguration;
			buildSettings = {
				ASSETCATALOG_COMPILER_APPICON_NAME = AppIcon;
				INFOPLIST_FILE = PickerData/Info.plist;
				LD_RUNPATH_SEARCH_PATHS = "$(inherited) @executable_path/Frameworks";
				PRODUCT_NAME = "$(TARGET_NAME)";
			};
			name = Debug;
		};
		4D8F5B581A85F3EB00E0CDDE /* Release */ = {
			isa = XCBuildConfiguration;
			buildSettings = {
				ASSETCATALOG_COMPILER_APPICON_NAME = AppIcon;
				INFOPLIST_FILE = PickerData/Info.plist;
				LD_RUNPATH_SEARCH_PATHS = "$(inherited) @executable_path/Frameworks";
				PRODUCT_NAME = "$(TARGET_NAME)";
			};
			name = Release;
		};
		4D8F5B5A1A85F3EB00E0CDDE /* Debug */ = {
			isa = XCBuildConfiguration;
			buildSettings = {
				BUNDLE_LOADER = "$(TEST_HOST)";
				FRAMEWORK_SEARCH_PATHS = (
					"$(SDKROOT)/Developer/Library/Frameworks",
					"$(inherited)",
				);
				GCC_PREPROCESSOR_DEFINITIONS = (
					"DEBUG=1",
					"$(inherited)",
				);
				INFOPLIST_FILE = PickerDataTests/Info.plist;
				LD_RUNPATH_SEARCH_PATHS = "$(inherited) @executable_path/Frameworks @loader_path/Frameworks";
				PRODUCT_NAME = "$(TARGET_NAME)";
				TEST_HOST = "$(BUILT_PRODUCTS_DIR)/PickerData.app/PickerData";
			};
			name = Debug;
		};
		4D8F5B5B1A85F3EB00E0CDDE /* Release */ = {
			isa = XCBuildConfiguration;
			buildSettings = {
				BUNDLE_LOADER = "$(TEST_HOST)";
				FRAMEWORK_SEARCH_PATHS = (
					"$(SDKROOT)/Developer/Library/Frameworks",
					"$(inherited)",
				);
				INFOPLIST_FILE = PickerDataTests/Info.plist;
				LD_RUNPATH_SEARCH_PATHS = "$(inherited) @executable_path/Frameworks @loader_path/Frameworks";
				PRODUCT_NAME = "$(TARGET_NAME)";
				TEST_HOST = "$(BUILT_PRODUCTS_DIR)/PickerData.app/PickerData";
			};
			name = Release;
		};
/* End XCBuildConfiguration section */

/* Begin XCConfigurationList section */
		4D8F5B321A85F3EA00E0CDDE /* Build configuration list for PBXProject "PickerData" */ = {
			isa = XCConfigurationList;
			buildConfigurations = (
				4D8F5B541A85F3EB00E0CDDE /* Debug */,
				4D8F5B551A85F3EB00E0CDDE /* Release */,
			);
			defaultConfigurationIsVisible = 0;
			defaultConfigurationName = Release;
		};
		4D8F5B561A85F3EB00E0CDDE /* Build configuration list for PBXNativeTarget "PickerData" */ = {
			isa = XCConfigurationList;
			buildConfigurations = (
				4D8F5B571A85F3EB00E0CDDE /* Debug */,
				4D8F5B581A85F3EB00E0CDDE /* Release */,
			);
			defaultConfigurationIsVisible = 0;
			defaultConfigurationName = Release;
		};
		4D8F5B591A85F3EB00E0CDDE /* Build configuration list for PBXNativeTarget "PickerDataTests" */ = {
			isa = XCConfigurationList;
			buildConfigurations = (
				4D8F5B5A1A85F3EB00E0CDDE /* Debug */,
				4D8F5B5B1A85F3EB00E0CDDE /* Release */,
			);
			defaultConfigurationIsVisible = 0;
			defaultConfigurationName = Release;
		};
/* End XCConfigurationList section */
	};
	rootObject = 4D8F5B2F1A85F3EA00E0CDDE /* Project object */;
}
